// !$*UTF8*$!
{
	archiveVersion = 1;
	classes = {
	};
	objectVersion = 46;
	objects = {

/* Begin PBXBuildFile section */
		F0A4E6CE1B8878E10018AC5F /* main.m in Sources */ = {isa = PBXBuildFile; fileRef = F0A4E6CD1B8878E10018AC5F /* main.m */; };
		F0A4E6D11B8878E10018AC5F /* AppDelegate.m in Sources */ = {isa = PBXBuildFile; fileRef = F0A4E6D01B8878E10018AC5F /* AppDelegate.m */; };
		F0A4E6D41B8878E10018AC5F /* i_Shall.xcdatamodeld in Sources */ = {isa = PBXBuildFile; fileRef = F0A4E6D21B8878E10018AC5F /* i_Shall.xcdatamodeld */; };
		F0A4E6DA1B8878E10018AC5F /* Main.storyboard in Resources */ = {isa = PBXBuildFile; fileRef = F0A4E6D81B8878E10018AC5F /* Main.storyboard */; };
		F0A4E6DC1B8878E10018AC5F /* Images.xcassets in Resources */ = {isa = PBXBuildFile; fileRef = F0A4E6DB1B8878E10018AC5F /* Images.xcassets */; };
		F0A4E6DF1B8878E10018AC5F /* LaunchScreen.xib in Resources */ = {isa = PBXBuildFile; fileRef = F0A4E6DD1B8878E10018AC5F /* LaunchScreen.xib */; };
		F0A4E6EB1B8878E10018AC5F /* i_ShallTests.m in Sources */ = {isa = PBXBuildFile; fileRef = F0A4E6EA1B8878E10018AC5F /* i_ShallTests.m */; };
		F0A4E6FD1B889E430018AC5F /* SignInViewController.m in Sources */ = {isa = PBXBuildFile; fileRef = F0A4E6FC1B889E430018AC5F /* SignInViewController.m */; };
		F0A4E7021B889E9C0018AC5F /* HomeViewController.m in Sources */ = {isa = PBXBuildFile; fileRef = F0A4E7011B889E9C0018AC5F /* HomeViewController.m */; };
		F0A4E7061B889EE60018AC5F /* SignUpViewController.m in Sources */ = {isa = PBXBuildFile; fileRef = F0A4E7051B889EE60018AC5F /* SignUpViewController.m */; };
		F0A4E70D1B88A0290018AC5F /* NotificationViewController.m in Sources */ = {isa = PBXBuildFile; fileRef = F0A4E70C1B88A0290018AC5F /* NotificationViewController.m */; };
		F0A4E7111B88A0690018AC5F /* ProfileViewController.m in Sources */ = {isa = PBXBuildFile; fileRef = F0A4E7101B88A0690018AC5F /* ProfileViewController.m */; };
/* End PBXBuildFile section */

/* Begin PBXContainerItemProxy section */
		F0A4E6E51B8878E10018AC5F /* PBXContainerItemProxy */ = {
			isa = PBXContainerItemProxy;
			containerPortal = F0A4E6C01B8878E10018AC5F /* Project object */;
			proxyType = 1;
			remoteGlobalIDString = F0A4E6C71B8878E10018AC5F;
			remoteInfo = "i-Shall";
		};
/* End PBXContainerItemProxy section */

/* Begin PBXFileReference section */
		F0A4E6C81B8878E10018AC5F /* i-Shall.app */ = {isa = PBXFileReference; explicitFileType = wrapper.application; includeInIndex = 0; path = "i-Shall.app"; sourceTree = BUILT_PRODUCTS_DIR; };
		F0A4E6CC1B8878E10018AC5F /* Info.plist */ = {isa = PBXFileReference; lastKnownFileType = text.plist.xml; path = Info.plist; sourceTree = "<group>"; };
		F0A4E6CD1B8878E10018AC5F /* main.m */ = {isa = PBXFileReference; lastKnownFileType = sourcecode.c.objc; path = main.m; sourceTree = "<group>"; };
		F0A4E6CF1B8878E10018AC5F /* AppDelegate.h */ = {isa = PBXFileReference; lastKnownFileType = sourcecode.c.h; path = AppDelegate.h; sourceTree = "<group>"; };
		F0A4E6D01B8878E10018AC5F /* AppDelegate.m */ = {isa = PBXFileReference; lastKnownFileType = sourcecode.c.objc; path = AppDelegate.m; sourceTree = "<group>"; };
		F0A4E6D31B8878E10018AC5F /* i_Shall.xcdatamodel */ = {isa = PBXFileReference; lastKnownFileType = wrapper.xcdatamodel; path = i_Shall.xcdatamodel; sourceTree = "<group>"; };
		F0A4E6D91B8878E10018AC5F /* Base */ = {isa = PBXFileReference; lastKnownFileType = file.storyboard; name = Base; path = Base.lproj/Main.storyboard; sourceTree = "<group>"; };
		F0A4E6DB1B8878E10018AC5F /* Images.xcassets */ = {isa = PBXFileReference; lastKnownFileType = folder.assetcatalog; path = Images.xcassets; sourceTree = "<group>"; };
		F0A4E6DE1B8878E10018AC5F /* Base */ = {isa = PBXFileReference; lastKnownFileType = file.xib; name = Base; path = Base.lproj/LaunchScreen.xib; sourceTree = "<group>"; };
		F0A4E6E41B8878E10018AC5F /* i-ShallTests.xctest */ = {isa = PBXFileReference; explicitFileType = wrapper.cfbundle; includeInIndex = 0; path = "i-ShallTests.xctest"; sourceTree = BUILT_PRODUCTS_DIR; };
		F0A4E6E91B8878E10018AC5F /* Info.plist */ = {isa = PBXFileReference; lastKnownFileType = text.plist.xml; path = Info.plist; sourceTree = "<group>"; };
		F0A4E6EA1B8878E10018AC5F /* i_ShallTests.m */ = {isa = PBXFileReference; lastKnownFileType = sourcecode.c.objc; path = i_ShallTests.m; sourceTree = "<group>"; };
		F0A4E6FB1B889E430018AC5F /* SignInViewController.h */ = {isa = PBXFileReference; fileEncoding = 4; lastKnownFileType = sourcecode.c.h; path = SignInViewController.h; sourceTree = "<group>"; };
		F0A4E6FC1B889E430018AC5F /* SignInViewController.m */ = {isa = PBXFileReference; fileEncoding = 4; lastKnownFileType = sourcecode.c.objc; path = SignInViewController.m; sourceTree = "<group>"; };
		F0A4E7001B889E9C0018AC5F /* HomeViewController.h */ = {isa = PBXFileReference; fileEncoding = 4; lastKnownFileType = sourcecode.c.h; path = HomeViewController.h; sourceTree = "<group>"; };
		F0A4E7011B889E9C0018AC5F /* HomeViewController.m */ = {isa = PBXFileReference; fileEncoding = 4; lastKnownFileType = sourcecode.c.objc; path = HomeViewController.m; sourceTree = "<group>"; };
		F0A4E7041B889EE60018AC5F /* SignUpViewController.h */ = {isa = PBXFileReference; fileEncoding = 4; lastKnownFileType = sourcecode.c.h; path = SignUpViewController.h; sourceTree = "<group>"; };
		F0A4E7051B889EE60018AC5F /* SignUpViewController.m */ = {isa = PBXFileReference; fileEncoding = 4; lastKnownFileType = sourcecode.c.objc; path = SignUpViewController.m; sourceTree = "<group>"; };
		F0A4E70B1B88A0290018AC5F /* NotificationViewController.h */ = {isa = PBXFileReference; fileEncoding = 4; lastKnownFileType = sourcecode.c.h; path = NotificationViewController.h; sourceTree = "<group>"; };
		F0A4E70C1B88A0290018AC5F /* NotificationViewController.m */ = {isa = PBXFileReference; fileEncoding = 4; lastKnownFileType = sourcecode.c.objc; path = NotificationViewController.m; sourceTree = "<group>"; };
		F0A4E70F1B88A0690018AC5F /* ProfileViewController.h */ = {isa = PBXFileReference; fileEncoding = 4; lastKnownFileType = sourcecode.c.h; path = ProfileViewController.h; sourceTree = "<group>"; };
		F0A4E7101B88A0690018AC5F /* ProfileViewController.m */ = {isa = PBXFileReference; fileEncoding = 4; lastKnownFileType = sourcecode.c.objc; path = ProfileViewController.m; sourceTree = "<group>"; };
/* End PBXFileReference section */

/* Begin PBXFrameworksBuildPhase section */
		F0A4E6C51B8878E10018AC5F /* Frameworks */ = {
			isa = PBXFrameworksBuildPhase;
			buildActionMask = 2147483647;
			files = (
			);
			runOnlyForDeploymentPostprocessing = 0;
		};
		F0A4E6E11B8878E10018AC5F /* Frameworks */ = {
			isa = PBXFrameworksBuildPhase;
			buildActionMask = 2147483647;
			files = (
			);
			runOnlyForDeploymentPostprocessing = 0;
		};
/* End PBXFrameworksBuildPhase section */

/* Begin PBXGroup section */
		F0A4E6BF1B8878E00018AC5F = {
			isa = PBXGroup;
			children = (
				F0A4E6CA1B8878E10018AC5F /* i-Shall */,
				F0A4E6E71B8878E10018AC5F /* i-ShallTests */,
				F0A4E6C91B8878E10018AC5F /* Products */,
			);
			sourceTree = "<group>";
		};
		F0A4E6C91B8878E10018AC5F /* Products */ = {
			isa = PBXGroup;
			children = (
				F0A4E6C81B8878E10018AC5F /* i-Shall.app */,
				F0A4E6E41B8878E10018AC5F /* i-ShallTests.xctest */,
			);
			name = Products;
			sourceTree = "<group>";
		};
		F0A4E6CA1B8878E10018AC5F /* i-Shall */ = {
			isa = PBXGroup;
			children = (
				F0A4E6F51B8890150018AC5F /* Classes */,
				F0A4E6F41B8889800018AC5F /* Extensions */,
				F0A4E6DB1B8878E10018AC5F /* Images.xcassets */,
				F0A4E6CB1B8878E10018AC5F /* Supporting Files */,
			);
			path = "i-Shall";
			sourceTree = "<group>";
		};
		F0A4E6CB1B8878E10018AC5F /* Supporting Files */ = {
			isa = PBXGroup;
			children = (
				F0A4E6CC1B8878E10018AC5F /* Info.plist */,
				F0A4E6CD1B8878E10018AC5F /* main.m */,
			);
			name = "Supporting Files";
			sourceTree = "<group>";
		};
		F0A4E6E71B8878E10018AC5F /* i-ShallTests */ = {
			isa = PBXGroup;
			children = (
				F0A4E6EA1B8878E10018AC5F /* i_ShallTests.m */,
				F0A4E6E81B8878E10018AC5F /* Supporting Files */,
			);
			path = "i-ShallTests";
			sourceTree = "<group>";
		};
		F0A4E6E81B8878E10018AC5F /* Supporting Files */ = {
			isa = PBXGroup;
			children = (
				F0A4E6E91B8878E10018AC5F /* Info.plist */,
			);
			name = "Supporting Files";
			sourceTree = "<group>";
		};
		F0A4E6F41B8889800018AC5F /* Extensions */ = {
			isa = PBXGroup;
			children = (
			);
			name = Extensions;
			sourceTree = "<group>";
		};
		F0A4E6F51B8890150018AC5F /* Classes */ = {
			isa = PBXGroup;
			children = (
				F0A4E6F81B8896710018AC5F /* Model */,
				F0A4E6F71B8896680018AC5F /* Views */,
				F0A4E6F61B8896490018AC5F /* controller */,
			);
			name = Classes;
			sourceTree = "<group>";
		};
		F0A4E6F61B8896490018AC5F /* controller */ = {
			isa = PBXGroup;
			children = (
				F0A4E6FA1B8897050018AC5F /* ViewControllers */,
				F0A4E6F91B8896F00018AC5F /* AppDelegate */,
			);
			name = controller;
			sourceTree = "<group>";
		};
		F0A4E6F71B8896680018AC5F /* Views */ = {
			isa = PBXGroup;
			children = (
				F0A4E6D81B8878E10018AC5F /* Main.storyboard */,
				F0A4E6DD1B8878E10018AC5F /* LaunchScreen.xib */,
			);
			name = Views;
			sourceTree = "<group>";
		};
		F0A4E6F81B8896710018AC5F /* Model */ = {
			isa = PBXGroup;
			children = (
				F0A4E6D21B8878E10018AC5F /* i_Shall.xcdatamodeld */,
			);
			name = Model;
			sourceTree = "<group>";
		};
		F0A4E6F91B8896F00018AC5F /* AppDelegate */ = {
			isa = PBXGroup;
			children = (
				F0A4E6CF1B8878E10018AC5F /* AppDelegate.h */,
				F0A4E6D01B8878E10018AC5F /* AppDelegate.m */,
			);
			name = AppDelegate;
			sourceTree = "<group>";
		};
		F0A4E6FA1B8897050018AC5F /* ViewControllers */ = {
			isa = PBXGroup;
			children = (
				F0A4E70E1B88A0340018AC5F /* Notification */,
				F0A4E7071B889F3D0018AC5F /* Profile */,
				F0A4E7031B889EA20018AC5F /* SignUp */,
				F0A4E6FF1B889E7E0018AC5F /* Home */,
				F0A4E6FE1B889E6E0018AC5F /* SignIn */,
			);
			name = ViewControllers;
			sourceTree = "<group>";
		};
		F0A4E6FE1B889E6E0018AC5F /* SignIn */ = {
			isa = PBXGroup;
			children = (
				F0A4E6FB1B889E430018AC5F /* SignInViewController.h */,
				F0A4E6FC1B889E430018AC5F /* SignInViewController.m */,
			);
			name = SignIn;
			sourceTree = "<group>";
		};
		F0A4E6FF1B889E7E0018AC5F /* Home */ = {
			isa = PBXGroup;
			children = (
				F0A4E7001B889E9C0018AC5F /* HomeViewController.h */,
				F0A4E7011B889E9C0018AC5F /* HomeViewController.m */,
			);
			name = Home;
			sourceTree = "<group>";
		};
		F0A4E7031B889EA20018AC5F /* SignUp */ = {
			isa = PBXGroup;
			children = (
				F0A4E7041B889EE60018AC5F /* SignUpViewController.h */,
				F0A4E7051B889EE60018AC5F /* SignUpViewController.m */,
			);
			name = SignUp;
			sourceTree = "<group>";
		};
		F0A4E7071B889F3D0018AC5F /* Profile */ = {
			isa = PBXGroup;
			children = (
				F0A4E70F1B88A0690018AC5F /* ProfileViewController.h */,
				F0A4E7101B88A0690018AC5F /* ProfileViewController.m */,
			);
			name = Profile;
			sourceTree = "<group>";
		};
		F0A4E70E1B88A0340018AC5F /* Notification */ = {
			isa = PBXGroup;
			children = (
				F0A4E70B1B88A0290018AC5F /* NotificationViewController.h */,
				F0A4E70C1B88A0290018AC5F /* NotificationViewController.m */,
			);
			name = Notification;
			sourceTree = "<group>";
		};
/* End PBXGroup section */

/* Begin PBXNativeTarget section */
		F0A4E6C71B8878E10018AC5F /* i-Shall */ = {
			isa = PBXNativeTarget;
			buildConfigurationList = F0A4E6EE1B8878E10018AC5F /* Build configuration list for PBXNativeTarget "i-Shall" */;
			buildPhases = (
				F0A4E6C41B8878E10018AC5F /* Sources */,
				F0A4E6C51B8878E10018AC5F /* Frameworks */,
				F0A4E6C61B8878E10018AC5F /* Resources */,
			);
			buildRules = (
			);
			dependencies = (
			);
			name = "i-Shall";
			productName = "i-Shall";
			productReference = F0A4E6C81B8878E10018AC5F /* i-Shall.app */;
			productType = "com.apple.product-type.application";
		};
		F0A4E6E31B8878E10018AC5F /* i-ShallTests */ = {
			isa = PBXNativeTarget;
			buildConfigurationList = F0A4E6F11B8878E10018AC5F /* Build configuration list for PBXNativeTarget "i-ShallTests" */;
			buildPhases = (
				F0A4E6E01B8878E10018AC5F /* Sources */,
				F0A4E6E11B8878E10018AC5F /* Frameworks */,
				F0A4E6E21B8878E10018AC5F /* Resources */,
			);
			buildRules = (
			);
			dependencies = (
				F0A4E6E61B8878E10018AC5F /* PBXTargetDependency */,
			);
			name = "i-ShallTests";
			productName = "i-ShallTests";
			productReference = F0A4E6E41B8878E10018AC5F /* i-ShallTests.xctest */;
			productType = "com.apple.product-type.bundle.unit-test";
		};
/* End PBXNativeTarget section */

/* Begin PBXProject section */
		F0A4E6C01B8878E10018AC5F /* Project object */ = {
			isa = PBXProject;
			attributes = {
				LastUpgradeCheck = 0640;
				ORGANIZATIONNAME = Amruth;
				TargetAttributes = {
					F0A4E6C71B8878E10018AC5F = {
						CreatedOnToolsVersion = 6.4;
					};
					F0A4E6E31B8878E10018AC5F = {
						CreatedOnToolsVersion = 6.4;
						TestTargetID = F0A4E6C71B8878E10018AC5F;
					};
				};
			};
			buildConfigurationList = F0A4E6C31B8878E10018AC5F /* Build configuration list for PBXProject "i-Shall" */;
			compatibilityVersion = "Xcode 3.2";
			developmentRegion = English;
			hasScannedForEncodings = 0;
			knownRegions = (
				en,
				Base,
			);
			mainGroup = F0A4E6BF1B8878E00018AC5F;
			productRefGroup = F0A4E6C91B8878E10018AC5F /* Products */;
			projectDirPath = "";
			projectRoot = "";
			targets = (
				F0A4E6C71B8878E10018AC5F /* i-Shall */,
				F0A4E6E31B8878E10018AC5F /* i-ShallTests */,
			);
		};
/* End PBXProject section */

/* Begin PBXResourcesBuildPhase section */
		F0A4E6C61B8878E10018AC5F /* Resources */ = {
			isa = PBXResourcesBuildPhase;
			buildActionMask = 2147483647;
			files = (
				F0A4E6DA1B8878E10018AC5F /* Main.storyboard in Resources */,
				F0A4E6DF1B8878E10018AC5F /* LaunchScreen.xib in Resources */,
				F0A4E6DC1B8878E10018AC5F /* Images.xcassets in Resources */,
			);
			runOnlyForDeploymentPostprocessing = 0;
		};
		F0A4E6E21B8878E10018AC5F /* Resources */ = {
			isa = PBXResourcesBuildPhase;
			buildActionMask = 2147483647;
			files = (
			);
			runOnlyForDeploymentPostprocessing = 0;
		};
/* End PBXResourcesBuildPhase section */

/* Begin PBXSourcesBuildPhase section */
		F0A4E6C41B8878E10018AC5F /* Sources */ = {
			isa = PBXSourcesBuildPhase;
			buildActionMask = 2147483647;
			files = (
				F0A4E70D1B88A0290018AC5F /* NotificationViewController.m in Sources */,
				F0A4E6FD1B889E430018AC5F /* SignInViewController.m in Sources */,
				F0A4E7111B88A0690018AC5F /* ProfileViewController.m in Sources */,
				F0A4E6D11B8878E10018AC5F /* AppDelegate.m in Sources */,
				F0A4E7061B889EE60018AC5F /* SignUpViewController.m in Sources */,
				F0A4E6CE1B8878E10018AC5F /* main.m in Sources */,
				F0A4E7021B889E9C0018AC5F /* HomeViewController.m in Sources */,
				F0A4E6D41B8878E10018AC5F /* i_Shall.xcdatamodeld in Sources */,
			);
			runOnlyForDeploymentPostprocessing = 0;
		};
		F0A4E6E01B8878E10018AC5F /* Sources */ = {
			isa = PBXSourcesBuildPhase;
			buildActionMask = 2147483647;
			files = (
				F0A4E6EB1B8878E10018AC5F /* i_ShallTests.m in Sources */,
			);
			runOnlyForDeploymentPostprocessing = 0;
		};
/* End PBXSourcesBuildPhase section */

/* Begin PBXTargetDependency section */
		F0A4E6E61B8878E10018AC5F /* PBXTargetDependency */ = {
			isa = PBXTargetDependency;
			target = F0A4E6C71B8878E10018AC5F /* i-Shall */;
			targetProxy = F0A4E6E51B8878E10018AC5F /* PBXContainerItemProxy */;
		};
/* End PBXTargetDependency section */

/* Begin PBXVariantGroup section */
		F0A4E6D81B8878E10018AC5F /* Main.storyboard */ = {
			isa = PBXVariantGroup;
			children = (
				F0A4E6D91B8878E10018AC5F /* Base */,
			);
			name = Main.storyboard;
			sourceTree = "<group>";
		};
		F0A4E6DD1B8878E10018AC5F /* LaunchScreen.xib */ = {
			isa = PBXVariantGroup;
			children = (
				F0A4E6DE1B8878E10018AC5F /* Base */,
			);
			name = LaunchScreen.xib;
			sourceTree = "<group>";
		};
/* End PBXVariantGroup section */

/* Begin XCBuildConfiguration section */
		F0A4E6EC1B8878E10018AC5F /* Debug */ = {
			isa = XCBuildConfiguration;
			buildSettings = {
				ALWAYS_SEARCH_USER_PATHS = NO;
				CLANG_CXX_LANGUAGE_STANDARD = "gnu++0x";
				CLANG_CXX_LIBRARY = "libc++";
				CLANG_ENABLE_MODULES = YES;
				CLANG_ENABLE_OBJC_ARC = YES;
				CLANG_WARN_BOOL_CONVERSION = YES;
				CLANG_WARN_CONSTANT_CONVERSION = YES;
				CLANG_WARN_DIRECT_OBJC_ISA_USAGE = YES_ERROR;
				CLANG_WARN_EMPTY_BODY = YES;
				CLANG_WARN_ENUM_CONVERSION = YES;
				CLANG_WARN_INT_CONVERSION = YES;
				CLANG_WARN_OBJC_ROOT_CLASS = YES_ERROR;
				CLANG_WARN_UNREACHABLE_CODE = YES;
				CLANG_WARN__DUPLICATE_METHOD_MATCH = YES;
				"CODE_SIGN_IDENTITY[sdk=iphoneos*]" = "iPhone Developer";
				COPY_PHASE_STRIP = NO;
				DEBUG_INFORMATION_FORMAT = "dwarf-with-dsym";
				ENABLE_STRICT_OBJC_MSGSEND = YES;
				GCC_C_LANGUAGE_STANDARD = gnu99;
				GCC_DYNAMIC_NO_PIC = NO;
				GCC_NO_COMMON_BLOCKS = YES;
				GCC_OPTIMIZATION_LEVEL = 0;
				GCC_PREPROCESSOR_DEFINITIONS = (
					"DEBUG=1",
					"$(inherited)",
				);
				GCC_SYMBOLS_PRIVATE_EXTERN = NO;
				GCC_WARN_64_TO_32_BIT_CONVERSION = YES;
				GCC_WARN_ABOUT_RETURN_TYPE = YES_ERROR;
				GCC_WARN_UNDECLARED_SELECTOR = YES;
				GCC_WARN_UNINITIALIZED_AUTOS = YES_AGGRESSIVE;
				GCC_WARN_UNUSED_FUNCTION = YES;
				GCC_WARN_UNUSED_VARIABLE = YES;
				IPHONEOS_DEPLOYMENT_TARGET = 8.4;
				MTL_ENABLE_DEBUG_INFO = YES;
				ONLY_ACTIVE_ARCH = YES;
				SDKROOT = iphoneos;
				TARGETED_DEVICE_FAMILY = "1,2";
			};
			name = Debug;
		};
		F0A4E6ED1B8878E10018AC5F /* Release */ = {
			isa = XCBuildConfiguration;
			buildSettings = {
				ALWAYS_SEARCH_USER_PATHS = NO;
				CLANG_CXX_LANGUAGE_STANDARD = "gnu++0x";
				CLANG_CXX_LIBRARY = "libc++";
				CLANG_ENABLE_MODULES = YES;
				CLANG_ENABLE_OBJC_ARC = YES;
				CLANG_WARN_BOOL_CONVERSION = YES;
				CLANG_WARN_CONSTANT_CONVERSION = YES;
				CLANG_WARN_DIRECT_OBJC_ISA_USAGE = YES_ERROR;
				CLANG_WARN_EMPTY_BODY = YES;
				CLANG_WARN_ENUM_CONVERSION = YES;
				CLANG_WARN_INT_CONVERSION = YES;
				CLANG_WARN_OBJC_ROOT_CLASS = YES_ERROR;
				CLANG_WARN_UNREACHABLE_CODE = YES;
				CLANG_WARN__DUPLICATE_METHOD_MATCH = YES;
				"CODE_SIGN_IDENTITY[sdk=iphoneos*]" = "iPhone Developer";
				COPY_PHASE_STRIP = NO;
				DEBUG_INFORMATION_FORMAT = "dwarf-with-dsym";
				ENABLE_NS_ASSERTIONS = NO;
				ENABLE_STRICT_OBJC_MSGSEND = YES;
				GCC_C_LANGUAGE_STANDARD = gnu99;
				GCC_NO_COMMON_BLOCKS = YES;
				GCC_WARN_64_TO_32_BIT_CONVERSION = YES;
				GCC_WARN_ABOUT_RETURN_TYPE = YES_ERROR;
				GCC_WARN_UNDECLARED_SELECTOR = YES;
				GCC_WARN_UNINITIALIZED_AUTOS = YES_AGGRESSIVE;
				GCC_WARN_UNUSED_FUNCTION = YES;
				GCC_WARN_UNUSED_VARIABLE = YES;
				IPHONEOS_DEPLOYMENT_TARGET = 8.4;
				MTL_ENABLE_DEBUG_INFO = NO;
				SDKROOT = iphoneos;
				TARGETED_DEVICE_FAMILY = "1,2";
				VALIDATE_PRODUCT = YES;
			};
			name = Release;
		};
		F0A4E6EF1B8878E10018AC5F /* Debug */ = {
			isa = XCBuildConfiguration;
			buildSettings = {
				ASSETCATALOG_COMPILER_APPICON_NAME = AppIcon;
				INFOPLIST_FILE = "i-Shall/Info.plist";
				LD_RUNPATH_SEARCH_PATHS = "$(inherited) @executable_path/Frameworks";
				PRODUCT_NAME = "$(TARGET_NAME)";
			};
			name = Debug;
		};
		F0A4E6F01B8878E10018AC5F /* Release */ = {
			isa = XCBuildConfiguration;
			buildSettings = {
				ASSETCATALOG_COMPILER_APPICON_NAME = AppIcon;
				INFOPLIST_FILE = "i-Shall/Info.plist";
				LD_RUNPATH_SEARCH_PATHS = "$(inherited) @executable_path/Frameworks";
				PRODUCT_NAME = "$(TARGET_NAME)";
			};
			name = Release;
		};
		F0A4E6F21B8878E10018AC5F /* Debug */ = {
			isa = XCBuildConfiguration;
			buildSettings = {
				BUNDLE_LOADER = "$(TEST_HOST)";
				FRAMEWORK_SEARCH_PATHS = (
					"$(SDKROOT)/Developer/Library/Frameworks",
					"$(inherited)",
				);
				GCC_PREPROCESSOR_DEFINITIONS = (
					"DEBUG=1",
					"$(inherited)",
				);
				INFOPLIST_FILE = "i-ShallTests/Info.plist";
				LD_RUNPATH_SEARCH_PATHS = "$(inherited) @executable_path/Frameworks @loader_path/Frameworks";
				PRODUCT_NAME = "$(TARGET_NAME)";
				TEST_HOST = "$(BUILT_PRODUCTS_DIR)/i-Shall.app/i-Shall";
			};
			name = Debug;
		};
		F0A4E6F31B8878E10018AC5F /* Release */ = {
			isa = XCBuildConfiguration;
			buildSettings = {
				BUNDLE_LOADER = "$(TEST_HOST)";
				FRAMEWORK_SEARCH_PATHS = (
					"$(SDKROOT)/Developer/Library/Frameworks",
					"$(inherited)",
				);
				INFOPLIST_FILE = "i-ShallTests/Info.plist";
				LD_RUNPATH_SEARCH_PATHS = "$(inherited) @executable_path/Frameworks @loader_path/Frameworks";
				PRODUCT_NAME = "$(TARGET_NAME)";
				TEST_HOST = "$(BUILT_PRODUCTS_DIR)/i-Shall.app/i-Shall";
			};
			name = Release;
		};
/* End XCBuildConfiguration section */

/* Begin XCConfigurationList section */
		F0A4E6C31B8878E10018AC5F /* Build configuration list for PBXProject "i-Shall" */ = {
			isa = XCConfigurationList;
			buildConfigurations = (
				F0A4E6EC1B8878E10018AC5F /* Debug */,
				F0A4E6ED1B8878E10018AC5F /* Release */,
			);
			defaultConfigurationIsVisible = 0;
			defaultConfigurationName = Release;
		};
		F0A4E6EE1B8878E10018AC5F /* Build configuration list for PBXNativeTarget "i-Shall" */ = {
			isa = XCConfigurationList;
			buildConfigurations = (
				F0A4E6EF1B8878E10018AC5F /* Debug */,
				F0A4E6F01B8878E10018AC5F /* Release */,
			);
			defaultConfigurationIsVisible = 0;
		};
		F0A4E6F11B8878E10018AC5F /* Build configuration list for PBXNativeTarget "i-ShallTests" */ = {
			isa = XCConfigurationList;
			buildConfigurations = (
				F0A4E6F21B8878E10018AC5F /* Debug */,
				F0A4E6F31B8878E10018AC5F /* Release */,
			);
			defaultConfigurationIsVisible = 0;
		};
/* End XCConfigurationList section */

/* Begin XCVersionGroup section */
		F0A4E6D21B8878E10018AC5F /* i_Shall.xcdatamodeld */ = {
			isa = XCVersionGroup;
			children = (
				F0A4E6D31B8878E10018AC5F /* i_Shall.xcdatamodel */,
			);
			currentVersion = F0A4E6D31B8878E10018AC5F /* i_Shall.xcdatamodel */;
			path = i_Shall.xcdatamodeld;
			sourceTree = "<group>";
			versionGroupType = wrapper.xcdatamodel;
		};
/* End XCVersionGroup section */
	};
	rootObject = F0A4E6C01B8878E10018AC5F /* Project object */;
}
